{
    "_readme": [
        "This file locks the dependencies of your project to a known state",
        "Read more about it at https://getcomposer.org/doc/01-basic-usage.md#installing-dependencies",
        "This file is @generated automatically"
    ],
    "content-hash": "30e0c673432919cc7b626df20c0bb9d5",
    "packages": [
        {
            "name": "vsavritsky/bitrix-filter-builder",
            "version": "0.0.5",
            "source": {
                "type": "git",
                "url": "https://github.com/vsavritsky/bitrix-filter-builder.git",
                "reference": "1c9afbc5f09a4ab5f95567a272f83830bc839f96"
            },
            "dist": {
                "type": "zip",
                "url": "https://api.github.com/repos/vsavritsky/bitrix-filter-builder/zipball/1c9afbc5f09a4ab5f95567a272f83830bc839f96",
                "reference": "1c9afbc5f09a4ab5f95567a272f83830bc839f96",
                "shasum": ""
            },
            "require": {
                "ext-json": "*",
                "php": ">=7.1"
            },
            "type": "library",
            "autoload": {
                "psr-4": {
                    "BitrixFilterBuilder\\": "src"
                }
            },
            "notification-url": "https://packagist.org/downloads/",
            "description": "Библиотека для простого создания фильтра",
            "support": {
                "issues": "https://github.com/vsavritsky/bitrix-filter-builder/issues",
                "source": "https://github.com/vsavritsky/bitrix-filter-builder/tree/0.0.5"
            },
            "time": "2024-04-07T21:11:48+00:00"
        }
    ],
    "packages-dev": [],
    "aliases": [],
    "minimum-stability": "stable",
    "stability-flags": [],
    "prefer-stable": false,
    "prefer-lowest": false,
    "platform": {
        "php": ">=7.4",
        "ext-mbstring": "*",
        "ext-json": "*"
    },
    "platform-dev": [],
    "plugin-api-version": "2.3.0"
}
