{
    "_readme": [
        "This file locks the dependencies of your project to a known state",
        "Read more about it at https://getcomposer.org/doc/01-basic-usage.md#installing-dependencies",
        "This file is @generated automatically"
    ],
    "content-hash": "d57fca8fe6e89d3b558ae8174dbd15fa",
    "packages": [
        {
            "name": "vsavritsky/bitrix-filter-builder",
            "version": "0.0.4",
            "source": {
                "type": "git",
                "url": "https://github.com/vsavritsky/bitrix-filter-builder.git",
                "reference": "e4924ba41c8e0e872ba91558263cbe65940bab4a"
            },
            "dist": {
                "type": "zip",
                "url": "https://api.github.com/repos/vsavritsky/bitrix-filter-builder/zipball/e4924ba41c8e0e872ba91558263cbe65940bab4a",
                "reference": "e4924ba41c8e0e872ba91558263cbe65940bab4a",
                "shasum": ""
            },
            "require": {
                "ext-json": "*",
                "php": ">=7.1"
            },
            "type": "library",
            "autoload": {
                "psr-4": {
                    "BitrixFilterBuilder\\": "src"
                }
            },
            "notification-url": "https://packagist.org/downloads/",
            "description": "Библиотека для простого создания фильтра",
            "support": {
                "issues": "https://github.com/vsavritsky/bitrix-filter-builder/issues",
                "source": "https://github.com/vsavritsky/bitrix-filter-builder/tree/0.0.4"
            },
            "time": "2024-04-07T16:07:40+00:00"
        }
    ],
    "packages-dev": [],
    "aliases": [],
    "minimum-stability": "stable",
    "stability-flags": [],
    "prefer-stable": false,
    "prefer-lowest": false,
    "platform": {
        "php": ">=7.4",
        "ext-mbstring": "*"
    },
    "platform-dev": [],
    "plugin-api-version": "2.3.0"
}
